// !$*UTF8*$!
{
	archiveVersion = 1;
	classes = {
	};
	objectVersion = 50;
	objects = {

/* Begin PBXBuildFile section */
		EEDBECDA2215D0B3001BD836 /* AppDelegate.swift in Sources */ = {isa = PBXBuildFile; fileRef = EEDBECD92215D0B3001BD836 /* AppDelegate.swift */; };
		EEDBECDC2215D0B3001BD836 /* ViewController.swift in Sources */ = {isa = PBXBuildFile; fileRef = EEDBECDB2215D0B3001BD836 /* ViewController.swift */; };
		EEDBECDF2215D0B3001BD836 /* Main.storyboard in Resources */ = {isa = PBXBuildFile; fileRef = EEDBECDD2215D0B3001BD836 /* Main.storyboard */; };
		EEDBECE12215D0B5001BD836 /* Assets.xcassets in Resources */ = {isa = PBXBuildFile; fileRef = EEDBECE02215D0B5001BD836 /* Assets.xcassets */; };
		EEDBECE42215D0B5001BD836 /* LaunchScreen.storyboard in Resources */ = {isa = PBXBuildFile; fileRef = EEDBECE22215D0B5001BD836 /* LaunchScreen.storyboard */; };
		EEDBECED2215D239001BD836 /* DetailsViewController.swift in Sources */ = {isa = PBXBuildFile; fileRef = EEDBECEB2215D238001BD836 /* DetailsViewController.swift */; };
		EEDBECEE2215D239001BD836 /* DetailsViewController.xib in Resources */ = {isa = PBXBuildFile; fileRef = EEDBECEC2215D239001BD836 /* DetailsViewController.xib */; };
/* End PBXBuildFile section */

/* Begin PBXFileReference section */
		EEDBECD62215D0B3001BD836 /* BarcodeScanner.app */ = {isa = PBXFileReference; explicitFileType = wrapper.application; includeInIndex = 0; path = BarcodeScanner.app; sourceTree = BUILT_PRODUCTS_DIR; };
		EEDBECD92215D0B3001BD836 /* AppDelegate.swift */ = {isa = PBXFileReference; lastKnownFileType = sourcecode.swift; path = AppDelegate.swift; sourceTree = "<group>"; };
		EEDBECDB2215D0B3001BD836 /* ViewController.swift */ = {isa = PBXFileReference; lastKnownFileType = sourcecode.swift; path = ViewController.swift; sourceTree = "<group>"; };
		EEDBECDE2215D0B3001BD836 /* Base */ = {isa = PBXFileReference; lastKnownFileType = file.storyboard; name = Base; path = Base.lproj/Main.storyboard; sourceTree = "<group>"; };
		EEDBECE02215D0B5001BD836 /* Assets.xcassets */ = {isa = PBXFileReference; lastKnownFileType = folder.assetcatalog; path = Assets.xcassets; sourceTree = "<group>"; };
		EEDBECE32215D0B5001BD836 /* Base */ = {isa = PBXFileReference; lastKnownFileType = file.storyboard; name = Base; path = Base.lproj/LaunchScreen.storyboard; sourceTree = "<group>"; };
		EEDBECE52215D0B5001BD836 /* Info.plist */ = {isa = PBXFileReference; lastKnownFileType = text.plist.xml; path = Info.plist; sourceTree = "<group>"; };
		EEDBECEB2215D238001BD836 /* DetailsViewController.swift */ = {isa = PBXFileReference; lastKnownFileType = sourcecode.swift; path = DetailsViewController.swift; sourceTree = "<group>"; };
		EEDBECEC2215D239001BD836 /* DetailsViewController.xib */ = {isa = PBXFileReference; lastKnownFileType = file.xib; path = DetailsViewController.xib; sourceTree = "<group>"; };
/* End PBXFileReference section */

/* Begin PBXFrameworksBuildPhase section */
		EEDBECD32215D0B3001BD836 /* Frameworks */ = {
			isa = PBXFrameworksBuildPhase;
			buildActionMask = 2147483647;
			files = (
			);
			runOnlyForDeploymentPostprocessing = 0;
		};
/* End PBXFrameworksBuildPhase section */

/* Begin PBXGroup section */
		EEDBECCD2215D0B3001BD836 = {
			isa = PBXGroup;
			children = (
				EEDBECD82215D0B3001BD836 /* BarcodeScanner */,
				EEDBECD72215D0B3001BD836 /* Products */,
			);
			sourceTree = "<group>";
		};
		EEDBECD72215D0B3001BD836 /* Products */ = {
			isa = PBXGroup;
			children = (
				EEDBECD62215D0B3001BD836 /* BarcodeScanner.app */,
			);
			name = Products;
			sourceTree = "<group>";
		};
		EEDBECD82215D0B3001BD836 /* BarcodeScanner */ = {
			isa = PBXGroup;
			children = (
				EEDBECD92215D0B3001BD836 /* AppDelegate.swift */,
				EEDBECDB2215D0B3001BD836 /* ViewController.swift */,
				EEDBECDD2215D0B3001BD836 /* Main.storyboard */,
				EEDBECE02215D0B5001BD836 /* Assets.xcassets */,
				EEDBECE22215D0B5001BD836 /* LaunchScreen.storyboard */,
				EEDBECE52215D0B5001BD836 /* Info.plist */,
				EEDBECEB2215D238001BD836 /* DetailsViewController.swift */,
				EEDBECEC2215D239001BD836 /* DetailsViewController.xib */,
			);
			path = BarcodeScanner;
			sourceTree = "<group>";
		};
/* End PBXGroup section */

/* Begin PBXNativeTarget section */
		EEDBECD52215D0B3001BD836 /* BarcodeScanner */ = {
			isa = PBXNativeTarget;
			buildConfigurationList = EEDBECE82215D0B5001BD836 /* Build configuration list for PBXNativeTarget "BarcodeScanner" */;
			buildPhases = (
				EEDBECD22215D0B3001BD836 /* Sources */,
				EEDBECD32215D0B3001BD836 /* Frameworks */,
				EEDBECD42215D0B3001BD836 /* Resources */,
			);
			buildRules = (
			);
			dependencies = (
			);
			name = BarcodeScanner;
			productName = BarcodeScanner;
			productReference = EEDBECD62215D0B3001BD836 /* BarcodeScanner.app */;
			productType = "com.apple.product-type.application";
		};
/* End PBXNativeTarget section */

/* Begin PBXProject section */
		EEDBECCE2215D0B3001BD836 /* Project object */ = {
			isa = PBXProject;
			attributes = {
				LastSwiftUpdateCheck = 1010;
				LastUpgradeCheck = 1010;
				ORGANIZATIONNAME = "Miguel Ángel Vicario Flores ";
				TargetAttributes = {
					EEDBECD52215D0B3001BD836 = {
						CreatedOnToolsVersion = 10.1;
					};
				};
			};
			buildConfigurationList = EEDBECD12215D0B3001BD836 /* Build configuration list for PBXProject "BarcodeScanner" */;
			compatibilityVersion = "Xcode 9.3";
			developmentRegion = en;
			hasScannedForEncodings = 0;
			knownRegions = (
				en,
				Base,
			);
			mainGroup = EEDBECCD2215D0B3001BD836;
			productRefGroup = EEDBECD72215D0B3001BD836 /* Products */;
			projectDirPath = "";
			projectRoot = "";
			targets = (
				EEDBECD52215D0B3001BD836 /* BarcodeScanner */,
			);
		};
/* End PBXProject section */

/* Begin PBXResourcesBuildPhase section */
		EEDBECD42215D0B3001BD836 /* Resources */ = {
			isa = PBXResourcesBuildPhase;
			buildActionMask = 2147483647;
			files = (
				EEDBECE42215D0B5001BD836 /* LaunchScreen.storyboard in Resources */,
				EEDBECE12215D0B5001BD836 /* Assets.xcassets in Resources */,
				EEDBECDF2215D0B3001BD836 /* Main.storyboard in Resources */,
				EEDBECEE2215D239001BD836 /* DetailsViewController.xib in Resources */,
			);
			runOnlyForDeploymentPostprocessing = 0;
		};
/* End PBXResourcesBuildPhase section */

/* Begin PBXSourcesBuildPhase section */
		EEDBECD22215D0B3001BD836 /* Sources */ = {
			isa = PBXSourcesBuildPhase;
			buildActionMask = 2147483647;
			files = (
				EEDBECDC2215D0B3001BD836 /* ViewController.swift in Sources */,
				EEDBECDA2215D0B3001BD836 /* AppDelegate.swift in Sources */,
				EEDBECED2215D239001BD836 /* DetailsViewController.swift in Sources */,
			);
			runOnlyForDeploymentPostprocessing = 0;
		};
/* End PBXSourcesBuildPhase section */

/* Begin PBXVariantGroup section */
		EEDBECDD2215D0B3001BD836 /* Main.storyboard */ = {
			isa = PBXVariantGroup;
			children = (
				EEDBECDE2215D0B3001BD836 /* Base */,
			);
			name = Main.storyboard;
			sourceTree = "<group>";
		};
		EEDBECE22215D0B5001BD836 /* LaunchScreen.storyboard */ = {
			isa = PBXVariantGroup;
			children = (
				EEDBECE32215D0B5001BD836 /* Base */,
			);
			name = LaunchScreen.storyboard;
			sourceTree = "<group>";
		};
/* End PBXVariantGroup section */

/* Begin XCBuildConfiguration section */
		EEDBECE62215D0B5001BD836 /* Debug */ = {
			isa = XCBuildConfiguration;
			buildSettings = {
				ALWAYS_SEARCH_USER_PATHS = NO;
				CLANG_ANALYZER_NONNULL = YES;
				CLANG_ANALYZER_NUMBER_OBJECT_CONVERSION = YES_AGGRESSIVE;
				CLANG_CXX_LANGUAGE_STANDARD = "gnu++14";
				CLANG_CXX_LIBRARY = "libc++";
				CLANG_ENABLE_MODULES = YES;
				CLANG_ENABLE_OBJC_ARC = YES;
				CLANG_ENABLE_OBJC_WEAK = YES;
				CLANG_WARN_BLOCK_CAPTURE_AUTORELEASING = YES;
				CLANG_WARN_BOOL_CONVERSION = YES;
				CLANG_WARN_COMMA = YES;
				CLANG_WARN_CONSTANT_CONVERSION = YES;
				CLANG_WARN_DEPRECATED_OBJC_IMPLEMENTATIONS = YES;
				CLANG_WARN_DIRECT_OBJC_ISA_USAGE = YES_ERROR;
				CLANG_WARN_DOCUMENTATION_COMMENTS = YES;
				CLANG_WARN_EMPTY_BODY = YES;
				CLANG_WARN_ENUM_CONVERSION = YES;
				CLANG_WARN_INFINITE_RECURSION = YES;
				CLANG_WARN_INT_CONVERSION = YES;
				CLANG_WARN_NON_LITERAL_NULL_CONVERSION = YES;
				CLANG_WARN_OBJC_IMPLICIT_RETAIN_SELF = YES;
				CLANG_WARN_OBJC_LITERAL_CONVERSION = YES;
				CLANG_WARN_OBJC_ROOT_CLASS = YES_ERROR;
				CLANG_WARN_RANGE_LOOP_ANALYSIS = YES;
				CLANG_WARN_STRICT_PROTOTYPES = YES;
				CLANG_WARN_SUSPICIOUS_MOVE = YES;
				CLANG_WARN_UNGUARDED_AVAILABILITY = YES_AGGRESSIVE;
				CLANG_WARN_UNREACHABLE_CODE = YES;
				CLANG_WARN__DUPLICATE_METHOD_MATCH = YES;
				CODE_SIGN_IDENTITY = "iPhone Developer";
				COPY_PHASE_STRIP = NO;
				DEBUG_INFORMATION_FORMAT = dwarf;
				ENABLE_STRICT_OBJC_MSGSEND = YES;
				ENABLE_TESTABILITY = YES;
				GCC_C_LANGUAGE_STANDARD = gnu11;
				GCC_DYNAMIC_NO_PIC = NO;
				GCC_NO_COMMON_BLOCKS = YES;
				GCC_OPTIMIZATION_LEVEL = 0;
				GCC_PREPROCESSOR_DEFINITIONS = (
					"DEBUG=1",
					"$(inherited)",
				);
				GCC_WARN_64_TO_32_BIT_CONVERSION = YES;
				GCC_WARN_ABOUT_RETURN_TYPE = YES_ERROR;
				GCC_WARN_UNDECLARED_SELECTOR = YES;
				GCC_WARN_UNINITIALIZED_AUTOS = YES_AGGRESSIVE;
				GCC_WARN_UNUSED_FUNCTION = YES;
				GCC_WARN_UNUSED_VARIABLE = YES;
				IPHONEOS_DEPLOYMENT_TARGET = 12.1;
				MTL_ENABLE_DEBUG_INFO = INCLUDE_SOURCE;
				MTL_FAST_MATH = YES;
				ONLY_ACTIVE_ARCH = YES;
				SDKROOT = iphoneos;
				SWIFT_ACTIVE_COMPILATION_CONDITIONS = DEBUG;
				SWIFT_OPTIMIZATION_LEVEL = "-Onone";
			};
			name = Debug;
		};
		EEDBECE72215D0B5001BD836 /* Release */ = {
			isa = XCBuildConfiguration;
			buildSettings = {
				ALWAYS_SEARCH_USER_PATHS = NO;
				CLANG_ANALYZER_NONNULL = YES;
				CLANG_ANALYZER_NUMBER_OBJECT_CONVERSION = YES_AGGRESSIVE;
				CLANG_CXX_LANGUAGE_STANDARD = "gnu++14";
				CLANG_CXX_LIBRARY = "libc++";
				CLANG_ENABLE_MODULES = YES;
				CLANG_ENABLE_OBJC_ARC = YES;
				CLANG_ENABLE_OBJC_WEAK = YES;
				CLANG_WARN_BLOCK_CAPTURE_AUTORELEASING = YES;
				CLANG_WARN_BOOL_CONVERSION = YES;
				CLANG_WARN_COMMA = YES;
				CLANG_WARN_CONSTANT_CONVERSION = YES;
				CLANG_WARN_DEPRECATED_OBJC_IMPLEMENTATIONS = YES;
				CLANG_WARN_DIRECT_OBJC_ISA_USAGE = YES_ERROR;
				CLANG_WARN_DOCUMENTATION_COMMENTS = YES;
				CLANG_WARN_EMPTY_BODY = YES;
				CLANG_WARN_ENUM_CONVERSION = YES;
				CLANG_WARN_INFINITE_RECURSION = YES;
				CLANG_WARN_INT_CONVERSION = YES;
				CLANG_WARN_NON_LITERAL_NULL_CONVERSION = YES;
				CLANG_WARN_OBJC_IMPLICIT_RETAIN_SELF = YES;
				CLANG_WARN_OBJC_LITERAL_CONVERSION = YES;
				CLANG_WARN_OBJC_ROOT_CLASS = YES_ERROR;
				CLANG_WARN_RANGE_LOOP_ANALYSIS = YES;
				CLANG_WARN_STRICT_PROTOTYPES = YES;
				CLANG_WARN_SUSPICIOUS_MOVE = YES;
				CLANG_WARN_UNGUARDED_AVAILABILITY = YES_AGGRESSIVE;
				CLANG_WARN_UNREACHABLE_CODE = YES;
				CLANG_WARN__DUPLICATE_METHOD_MATCH = YES;
				CODE_SIGN_IDENTITY = "iPhone Developer";
				COPY_PHASE_STRIP = NO;
				DEBUG_INFORMATION_FORMAT = "dwarf-with-dsym";
				ENABLE_NS_ASSERTIONS = NO;
				ENABLE_STRICT_OBJC_MSGSEND = YES;
				GCC_C_LANGUAGE_STANDARD = gnu11;
				GCC_NO_COMMON_BLOCKS = YES;
				GCC_WARN_64_TO_32_BIT_CONVERSION = YES;
				GCC_WARN_ABOUT_RETURN_TYPE = YES_ERROR;
				GCC_WARN_UNDECLARED_SELECTOR = YES;
				GCC_WARN_UNINITIALIZED_AUTOS = YES_AGGRESSIVE;
				GCC_WARN_UNUSED_FUNCTION = YES;
				GCC_WARN_UNUSED_VARIABLE = YES;
				IPHONEOS_DEPLOYMENT_TARGET = 12.1;
				MTL_ENABLE_DEBUG_INFO = NO;
				MTL_FAST_MATH = YES;
				SDKROOT = iphoneos;
				SWIFT_COMPILATION_MODE = wholemodule;
				SWIFT_OPTIMIZATION_LEVEL = "-O";
				VALIDATE_PRODUCT = YES;
			};
			name = Release;
		};
		EEDBECE92215D0B5001BD836 /* Debug */ = {
			isa = XCBuildConfiguration;
			buildSettings = {
				ASSETCATALOG_COMPILER_APPICON_NAME = AppIcon;
				CODE_SIGN_STYLE = Automatic;
				DEVELOPMENT_TEAM = W9NBL7M66S;
				INFOPLIST_FILE = BarcodeScanner/Info.plist;
				LD_RUNPATH_SEARCH_PATHS = (
					"$(inherited)",
					"@executable_path/Frameworks",
				);
				PRODUCT_BUNDLE_IDENTIFIER = miguelmx.BarcodeScanner;
				PRODUCT_NAME = "$(TARGET_NAME)";
				SWIFT_VERSION = 4.2;
				TARGETED_DEVICE_FAMILY = "1,2";
			};
			name = Debug;
		};
		EEDBECEA2215D0B5001BD836 /* Release */ = {
			isa = XCBuildConfiguration;
			buildSettings = {
				ASSETCATALOG_COMPILER_APPICON_NAME = AppIcon;
				CODE_SIGN_STYLE = Automatic;
				DEVELOPMENT_TEAM = W9NBL7M66S;
				INFOPLIST_FILE = BarcodeScanner/Info.plist;
				LD_RUNPATH_SEARCH_PATHS = (
					"$(inherited)",
					"@executable_path/Frameworks",
				);
				PRODUCT_BUNDLE_IDENTIFIER = miguelmx.BarcodeScanner;
				PRODUCT_NAME = "$(TARGET_NAME)";
				SWIFT_VERSION = 4.2;
				TARGETED_DEVICE_FAMILY = "1,2";
			};
			name = Release;
		};
/* End XCBuildConfiguration section */

/* Begin XCConfigurationList section */
		EEDBECD12215D0B3001BD836 /* Build configuration list for PBXProject "BarcodeScanner" */ = {
			isa = XCConfigurationList;
			buildConfigurations = (
				EEDBECE62215D0B5001BD836 /* Debug */,
				EEDBECE72215D0B5001BD836 /* Release */,
			);
			defaultConfigurationIsVisible = 0;
			defaultConfigurationName = Release;
		};
		EEDBECE82215D0B5001BD836 /* Build configuration list for PBXNativeTarget "BarcodeScanner" */ = {
			isa = XCConfigurationList;
			buildConfigurations = (
				EEDBECE92215D0B5001BD836 /* Debug */,
				EEDBECEA2215D0B5001BD836 /* Release */,
			);
			defaultConfigurationIsVisible = 0;
			defaultConfigurationName = Release;
		};
/* End XCConfigurationList section */
	};
	rootObject = EEDBECCE2215D0B3001BD836 /* Project object */;
}
